
Microsoft Visual Studio Solution File, Format Version 12.00
# Visual Studio 2013
VisualStudioVersion = 12.0.31101.0
MinimumVisualStudioVersion = 10.0.40219.1
Project("{FAE04EC0-301F-11D3-BF4B-00C04F79EFBC}") = "DecisionMaker", "DecisionMaker\DecisionMaker.csproj", "{09A4CD13-9882-4F16-85EF-7587B3033721}"
EndProject
Project("{FAE04EC0-301F-11D3-BF4B-00C04F79EFBC}") = "UnitTest", "UnitTest\UnitTest.csproj", "{B21C68F2-17CD-4289-AFBA-24FB808A6038}"
EndProject
Global
	GlobalSection(SolutionConfigurationPlatforms) = preSolution
		Debug|Any CPU = Debug|Any CPU
		Release|Any CPU = Release|Any CPU
	EndGlobalSection
	GlobalSection(ProjectConfigurationPlatforms) = postSolution
		{09A4CD13-9882-4F16-85EF-7587B3033721}.Debug|Any CPU.ActiveCfg = Debug|Any CPU
		{09A4CD13-9882-4F16-85EF-7587B3033721}.Debug|Any CPU.Build.0 = Debug|Any CPU
		{09A4CD13-9882-4F16-85EF-7587B3033721}.Release|Any CPU.ActiveCfg = Release|Any CPU
		{09A4CD13-9882-4F16-85EF-7587B3033721}.Release|Any CPU.Build.0 = Release|Any CPU
		{B21C68F2-17CD-4289-AFBA-24FB808A6038}.Debug|Any CPU.ActiveCfg = Debug|Any CPU
		{B21C68F2-17CD-4289-AFBA-24FB808A6038}.Debug|Any CPU.Build.0 = Debug|Any CPU
		{B21C68F2-17CD-4289-AFBA-24FB808A6038}.Release|Any CPU.ActiveCfg = Release|Any CPU
		{B21C68F2-17CD-4289-AFBA-24FB808A6038}.Release|Any CPU.Build.0 = Release|Any CPU
	EndGlobalSection
	GlobalSection(SolutionProperties) = preSolution
		HideSolutionNode = FALSE
	EndGlobalSection
EndGlobal
