
Microsoft Visual Studio Solution File, Format Version 12.00
# Visual Studio 2013
VisualStudioVersion = 12.0.31101.0
MinimumVisualStudioVersion = 10.0.40219.1
Project("{FAE04EC0-301F-11D3-BF4B-00C04F79EFBC}") = "Pathfinder", "Pathfinder\Pathfinder.csproj", "{3DBDB118-762C-4B96-8FE1-8EF0D2C55E0E}"
EndProject
Project("{FAE04EC0-301F-11D3-BF4B-00C04F79EFBC}") = "PathfinderTest", "PathfinderTest\PathfinderTest.csproj", "{6710006B-6935-4AB7-B541-695634344D24}"
EndProject
Global
	GlobalSection(SolutionConfigurationPlatforms) = preSolution
		Debug|Any CPU = Debug|Any CPU
		Release|Any CPU = Release|Any CPU
	EndGlobalSection
	GlobalSection(ProjectConfigurationPlatforms) = postSolution
		{3DBDB118-762C-4B96-8FE1-8EF0D2C55E0E}.Debug|Any CPU.ActiveCfg = Debug|Any CPU
		{3DBDB118-762C-4B96-8FE1-8EF0D2C55E0E}.Debug|Any CPU.Build.0 = Debug|Any CPU
		{3DBDB118-762C-4B96-8FE1-8EF0D2C55E0E}.Release|Any CPU.ActiveCfg = Release|Any CPU
		{3DBDB118-762C-4B96-8FE1-8EF0D2C55E0E}.Release|Any CPU.Build.0 = Release|Any CPU
		{6710006B-6935-4AB7-B541-695634344D24}.Debug|Any CPU.ActiveCfg = Debug|Any CPU
		{6710006B-6935-4AB7-B541-695634344D24}.Debug|Any CPU.Build.0 = Debug|Any CPU
		{6710006B-6935-4AB7-B541-695634344D24}.Release|Any CPU.ActiveCfg = Release|Any CPU
		{6710006B-6935-4AB7-B541-695634344D24}.Release|Any CPU.Build.0 = Release|Any CPU
	EndGlobalSection
	GlobalSection(SolutionProperties) = preSolution
		HideSolutionNode = FALSE
	EndGlobalSection
EndGlobal
